// !$*UTF8*$!
{
	archiveVersion = 1;
	classes = {
	};
	objectVersion = 55;
	objects = {

/* Begin PBXBuildFile section */
		F77279412779BD8100E7A249 /* Preview Assets.xcassets in Resources */ = {isa = PBXBuildFile; fileRef = F77279402779BD8100E7A249 /* Preview Assets.xcassets */; };
		F77279492779BDD700E7A249 /* ContentView.swift in Sources */ = {isa = PBXBuildFile; fileRef = F77279472779BDD700E7A249 /* ContentView.swift */; };
		F772794A2779BDD700E7A249 /* PokemonTCGApp.swift in Sources */ = {isa = PBXBuildFile; fileRef = F77279482779BDD700E7A249 /* PokemonTCGApp.swift */; };
		F77279632779BDED00E7A249 /* PokemonAPI.Wrapper.swift in Sources */ = {isa = PBXBuildFile; fileRef = F772794C2779BDED00E7A249 /* PokemonAPI.Wrapper.swift */; };
		F77279642779BDED00E7A249 /* PokemonAPI.SearchParameters.swift in Sources */ = {isa = PBXBuildFile; fileRef = F772794D2779BDED00E7A249 /* PokemonAPI.SearchParameters.swift */; };
		F77279652779BDED00E7A249 /* CachedImageFetcher.swift in Sources */ = {isa = PBXBuildFile; fileRef = F772794E2779BDED00E7A249 /* CachedImageFetcher.swift */; };
		F77279662779BDED00E7A249 /* PokemonAPI.swift in Sources */ = {isa = PBXBuildFile; fileRef = F772794F2779BDED00E7A249 /* PokemonAPI.swift */; };
		F77279672779BDED00E7A249 /* Assets.xcassets in Resources */ = {isa = PBXBuildFile; fileRef = F77279502779BDED00E7A249 /* Assets.xcassets */; };
		F77279682779BDED00E7A249 /* Card.swift in Sources */ = {isa = PBXBuildFile; fileRef = F77279522779BDED00E7A249 /* Card.swift */; };
		F77279692779BDED00E7A249 /* UserDeck.swift in Sources */ = {isa = PBXBuildFile; fileRef = F77279532779BDED00E7A249 /* UserDeck.swift */; };
		F772796A2779BDED00E7A249 /* SearchEngine.swift in Sources */ = {isa = PBXBuildFile; fileRef = F77279552779BDED00E7A249 /* SearchEngine.swift */; };
		F772796B2779BDED00E7A249 /* UserDecksStore.swift in Sources */ = {isa = PBXBuildFile; fileRef = F77279562779BDED00E7A249 /* UserDecksStore.swift */; };
		F772796C2779BDED00E7A249 /* CardStore.swift in Sources */ = {isa = PBXBuildFile; fileRef = F77279572779BDED00E7A249 /* CardStore.swift */; };
		F772796D2779BDED00E7A249 /* Constants.swift in Sources */ = {isa = PBXBuildFile; fileRef = F77279592779BDED00E7A249 /* Constants.swift */; };
		F772796E2779BDED00E7A249 /* CardsBrowser.swift in Sources */ = {isa = PBXBuildFile; fileRef = F772795B2779BDED00E7A249 /* CardsBrowser.swift */; };
		F772796F2779BDED00E7A249 /* SearchResults.swift in Sources */ = {isa = PBXBuildFile; fileRef = F772795C2779BDED00E7A249 /* SearchResults.swift */; };
		F77279702779BDED00E7A249 /* CardScrollGrid.swift in Sources */ = {isa = PBXBuildFile; fileRef = F772795D2779BDED00E7A249 /* CardScrollGrid.swift */; };
		F77279712779BDED00E7A249 /* CardDetail.swift in Sources */ = {isa = PBXBuildFile; fileRef = F772795E2779BDED00E7A249 /* CardDetail.swift */; };
		F77279722779BDED00E7A249 /* CardView.swift in Sources */ = {isa = PBXBuildFile; fileRef = F772795F2779BDED00E7A249 /* CardView.swift */; };
		F77279732779BDED00E7A249 /* SearchParametersView.swift in Sources */ = {isa = PBXBuildFile; fileRef = F77279602779BDED00E7A249 /* SearchParametersView.swift */; };
		F77279742779BDED00E7A249 /* UserDeckView.swift in Sources */ = {isa = PBXBuildFile; fileRef = F77279612779BDED00E7A249 /* UserDeckView.swift */; };
		F77279752779BDED00E7A249 /* Utility.swift in Sources */ = {isa = PBXBuildFile; fileRef = F77279622779BDED00E7A249 /* Utility.swift */; };
		F77279782779BE1600E7A249 /* Alamofire in Frameworks */ = {isa = PBXBuildFile; productRef = F77279772779BE1600E7A249 /* Alamofire */; };
		F772797B2779BE3700E7A249 /* cards.json in Resources */ = {isa = PBXBuildFile; fileRef = F77279792779BE3700E7A249 /* cards.json */; };
		F772797C2779BE3700E7A249 /* Preview.swift in Sources */ = {isa = PBXBuildFile; fileRef = F772797A2779BE3700E7A249 /* Preview.swift */; };
/* End PBXBuildFile section */

/* Begin PBXFileReference section */
		F77279362779BD8000E7A249 /* PokemonTCG.app */ = {isa = PBXFileReference; explicitFileType = wrapper.application; includeInIndex = 0; path = PokemonTCG.app; sourceTree = BUILT_PRODUCTS_DIR; };
		F77279402779BD8100E7A249 /* Preview Assets.xcassets */ = {isa = PBXFileReference; lastKnownFileType = folder.assetcatalog; path = "Preview Assets.xcassets"; sourceTree = "<group>"; };
		F77279472779BDD700E7A249 /* ContentView.swift */ = {isa = PBXFileReference; fileEncoding = 4; lastKnownFileType = sourcecode.swift; path = ContentView.swift; sourceTree = "<group>"; };
		F77279482779BDD700E7A249 /* PokemonTCGApp.swift */ = {isa = PBXFileReference; fileEncoding = 4; lastKnownFileType = sourcecode.swift; path = PokemonTCGApp.swift; sourceTree = "<group>"; };
		F772794C2779BDED00E7A249 /* PokemonAPI.Wrapper.swift */ = {isa = PBXFileReference; fileEncoding = 4; lastKnownFileType = sourcecode.swift; path = PokemonAPI.Wrapper.swift; sourceTree = "<group>"; };
		F772794D2779BDED00E7A249 /* PokemonAPI.SearchParameters.swift */ = {isa = PBXFileReference; fileEncoding = 4; lastKnownFileType = sourcecode.swift; path = PokemonAPI.SearchParameters.swift; sourceTree = "<group>"; };
		F772794E2779BDED00E7A249 /* CachedImageFetcher.swift */ = {isa = PBXFileReference; fileEncoding = 4; lastKnownFileType = sourcecode.swift; path = CachedImageFetcher.swift; sourceTree = "<group>"; };
		F772794F2779BDED00E7A249 /* PokemonAPI.swift */ = {isa = PBXFileReference; fileEncoding = 4; lastKnownFileType = sourcecode.swift; path = PokemonAPI.swift; sourceTree = "<group>"; };
		F77279502779BDED00E7A249 /* Assets.xcassets */ = {isa = PBXFileReference; lastKnownFileType = folder.assetcatalog; path = Assets.xcassets; sourceTree = "<group>"; };
		F77279522779BDED00E7A249 /* Card.swift */ = {isa = PBXFileReference; fileEncoding = 4; lastKnownFileType = sourcecode.swift; path = Card.swift; sourceTree = "<group>"; };
		F77279532779BDED00E7A249 /* UserDeck.swift */ = {isa = PBXFileReference; fileEncoding = 4; lastKnownFileType = sourcecode.swift; path = UserDeck.swift; sourceTree = "<group>"; };
		F77279552779BDED00E7A249 /* SearchEngine.swift */ = {isa = PBXFileReference; fileEncoding = 4; lastKnownFileType = sourcecode.swift; path = SearchEngine.swift; sourceTree = "<group>"; };
		F77279562779BDED00E7A249 /* UserDecksStore.swift */ = {isa = PBXFileReference; fileEncoding = 4; lastKnownFileType = sourcecode.swift; path = UserDecksStore.swift; sourceTree = "<group>"; };
		F77279572779BDED00E7A249 /* CardStore.swift */ = {isa = PBXFileReference; fileEncoding = 4; lastKnownFileType = sourcecode.swift; path = CardStore.swift; sourceTree = "<group>"; };
		F77279592779BDED00E7A249 /* Constants.swift */ = {isa = PBXFileReference; fileEncoding = 4; lastKnownFileType = sourcecode.swift; path = Constants.swift; sourceTree = "<group>"; };
		F772795B2779BDED00E7A249 /* CardsBrowser.swift */ = {isa = PBXFileReference; fileEncoding = 4; lastKnownFileType = sourcecode.swift; path = CardsBrowser.swift; sourceTree = "<group>"; };
		F772795C2779BDED00E7A249 /* SearchResults.swift */ = {isa = PBXFileReference; fileEncoding = 4; lastKnownFileType = sourcecode.swift; path = SearchResults.swift; sourceTree = "<group>"; };
		F772795D2779BDED00E7A249 /* CardScrollGrid.swift */ = {isa = PBXFileReference; fileEncoding = 4; lastKnownFileType = sourcecode.swift; path = CardScrollGrid.swift; sourceTree = "<group>"; };
		F772795E2779BDED00E7A249 /* CardDetail.swift */ = {isa = PBXFileReference; fileEncoding = 4; lastKnownFileType = sourcecode.swift; path = CardDetail.swift; sourceTree = "<group>"; };
		F772795F2779BDED00E7A249 /* CardView.swift */ = {isa = PBXFileReference; fileEncoding = 4; lastKnownFileType = sourcecode.swift; path = CardView.swift; sourceTree = "<group>"; };
		F77279602779BDED00E7A249 /* SearchParametersView.swift */ = {isa = PBXFileReference; fileEncoding = 4; lastKnownFileType = sourcecode.swift; path = SearchParametersView.swift; sourceTree = "<group>"; };
		F77279612779BDED00E7A249 /* UserDeckView.swift */ = {isa = PBXFileReference; fileEncoding = 4; lastKnownFileType = sourcecode.swift; path = UserDeckView.swift; sourceTree = "<group>"; };
		F77279622779BDED00E7A249 /* Utility.swift */ = {isa = PBXFileReference; fileEncoding = 4; lastKnownFileType = sourcecode.swift; path = Utility.swift; sourceTree = "<group>"; };
		F77279792779BE3700E7A249 /* cards.json */ = {isa = PBXFileReference; fileEncoding = 4; lastKnownFileType = text.json; path = cards.json; sourceTree = "<group>"; };
		F772797A2779BE3700E7A249 /* Preview.swift */ = {isa = PBXFileReference; fileEncoding = 4; lastKnownFileType = sourcecode.swift; path = Preview.swift; sourceTree = "<group>"; };
/* End PBXFileReference section */

/* Begin PBXFrameworksBuildPhase section */
		F77279332779BD8000E7A249 /* Frameworks */ = {
			isa = PBXFrameworksBuildPhase;
			buildActionMask = 2147483647;
			files = (
				F77279782779BE1600E7A249 /* Alamofire in Frameworks */,
			);
			runOnlyForDeploymentPostprocessing = 0;
		};
/* End PBXFrameworksBuildPhase section */

/* Begin PBXGroup section */
		F772792D2779BD8000E7A249 = {
			isa = PBXGroup;
			children = (
				F77279382779BD8000E7A249 /* PokemonTCG */,
				F77279372779BD8000E7A249 /* Products */,
			);
			sourceTree = "<group>";
		};
		F77279372779BD8000E7A249 /* Products */ = {
			isa = PBXGroup;
			children = (
				F77279362779BD8000E7A249 /* PokemonTCG.app */,
			);
			name = Products;
			sourceTree = "<group>";
		};
		F77279382779BD8000E7A249 /* PokemonTCG */ = {
			isa = PBXGroup;
			children = (
				F77279502779BDED00E7A249 /* Assets.xcassets */,
				F77279512779BDED00E7A249 /* Model */,
				F77279542779BDED00E7A249 /* ModelView */,
				F772794B2779BDED00E7A249 /* Network */,
				F77279582779BDED00E7A249 /* Views */,
				F77279472779BDD700E7A249 /* ContentView.swift */,
				F77279482779BDD700E7A249 /* PokemonTCGApp.swift */,
				F772793F2779BD8100E7A249 /* Preview Content */,
			);
			path = PokemonTCG;
			sourceTree = "<group>";
		};
		F772793F2779BD8100E7A249 /* Preview Content */ = {
			isa = PBXGroup;
			children = (
				F77279792779BE3700E7A249 /* cards.json */,
				F772797A2779BE3700E7A249 /* Preview.swift */,
				F77279402779BD8100E7A249 /* Preview Assets.xcassets */,
			);
			path = "Preview Content";
			sourceTree = "<group>";
		};
		F772794B2779BDED00E7A249 /* Network */ = {
			isa = PBXGroup;
			children = (
				F772794C2779BDED00E7A249 /* PokemonAPI.Wrapper.swift */,
				F772794D2779BDED00E7A249 /* PokemonAPI.SearchParameters.swift */,
				F772794E2779BDED00E7A249 /* CachedImageFetcher.swift */,
				F772794F2779BDED00E7A249 /* PokemonAPI.swift */,
			);
			path = Network;
			sourceTree = "<group>";
		};
		F77279512779BDED00E7A249 /* Model */ = {
			isa = PBXGroup;
			children = (
				F77279522779BDED00E7A249 /* Card.swift */,
				F77279532779BDED00E7A249 /* UserDeck.swift */,
			);
			path = Model;
			sourceTree = "<group>";
		};
		F77279542779BDED00E7A249 /* ModelView */ = {
			isa = PBXGroup;
			children = (
				F77279552779BDED00E7A249 /* SearchEngine.swift */,
				F77279562779BDED00E7A249 /* UserDecksStore.swift */,
				F77279572779BDED00E7A249 /* CardStore.swift */,
			);
			path = ModelView;
			sourceTree = "<group>";
		};
		F77279582779BDED00E7A249 /* Views */ = {
			isa = PBXGroup;
			children = (
				F77279592779BDED00E7A249 /* Constants.swift */,
				F772795A2779BDED00E7A249 /* CardsBrowser */,
				F772795E2779BDED00E7A249 /* CardDetail.swift */,
				F772795F2779BDED00E7A249 /* CardView.swift */,
				F77279602779BDED00E7A249 /* SearchParametersView.swift */,
				F77279612779BDED00E7A249 /* UserDeckView.swift */,
				F77279622779BDED00E7A249 /* Utility.swift */,
			);
			path = Views;
			sourceTree = "<group>";
		};
		F772795A2779BDED00E7A249 /* CardsBrowser */ = {
			isa = PBXGroup;
			children = (
				F772795B2779BDED00E7A249 /* CardsBrowser.swift */,
				F772795C2779BDED00E7A249 /* SearchResults.swift */,
				F772795D2779BDED00E7A249 /* CardScrollGrid.swift */,
			);
			path = CardsBrowser;
			sourceTree = "<group>";
		};
/* End PBXGroup section */

/* Begin PBXNativeTarget section */
		F77279352779BD8000E7A249 /* PokemonTCG */ = {
			isa = PBXNativeTarget;
			buildConfigurationList = F77279442779BD8100E7A249 /* Build configuration list for PBXNativeTarget "PokemonTCG" */;
			buildPhases = (
				F77279322779BD8000E7A249 /* Sources */,
				F77279332779BD8000E7A249 /* Frameworks */,
				F77279342779BD8000E7A249 /* Resources */,
			);
			buildRules = (
			);
			dependencies = (
			);
			name = PokemonTCG;
			packageProductDependencies = (
				F77279772779BE1600E7A249 /* Alamofire */,
			);
			productName = PokemonTCG;
			productReference = F77279362779BD8000E7A249 /* PokemonTCG.app */;
			productType = "com.apple.product-type.application";
		};
/* End PBXNativeTarget section */

/* Begin PBXProject section */
		F772792E2779BD8000E7A249 /* Project object */ = {
			isa = PBXProject;
			attributes = {
				BuildIndependentTargetsInParallel = 1;
				LastSwiftUpdateCheck = 1320;
				LastUpgradeCheck = 1320;
				TargetAttributes = {
					F77279352779BD8000E7A249 = {
						CreatedOnToolsVersion = 13.2.1;
						LastSwiftMigration = 1320;
					};
				};
			};
			buildConfigurationList = F77279312779BD8000E7A249 /* Build configuration list for PBXProject "PokemonTCG" */;
			compatibilityVersion = "Xcode 13.0";
			developmentRegion = en;
			hasScannedForEncodings = 0;
			knownRegions = (
				en,
				Base,
			);
			mainGroup = F772792D2779BD8000E7A249;
			packageReferences = (
				F77279762779BE1600E7A249 /* XCRemoteSwiftPackageReference "Alamofire" */,
			);
			productRefGroup = F77279372779BD8000E7A249 /* Products */;
			projectDirPath = "";
			projectRoot = "";
			targets = (
				F77279352779BD8000E7A249 /* PokemonTCG */,
			);
		};
/* End PBXProject section */

/* Begin PBXResourcesBuildPhase section */
		F77279342779BD8000E7A249 /* Resources */ = {
			isa = PBXResourcesBuildPhase;
			buildActionMask = 2147483647;
			files = (
				F77279672779BDED00E7A249 /* Assets.xcassets in Resources */,
				F772797B2779BE3700E7A249 /* cards.json in Resources */,
				F77279412779BD8100E7A249 /* Preview Assets.xcassets in Resources */,
			);
			runOnlyForDeploymentPostprocessing = 0;
		};
/* End PBXResourcesBuildPhase section */

/* Begin PBXSourcesBuildPhase section */
		F77279322779BD8000E7A249 /* Sources */ = {
			isa = PBXSourcesBuildPhase;
			buildActionMask = 2147483647;
			files = (
				F77279752779BDED00E7A249 /* Utility.swift in Sources */,
				F772794A2779BDD700E7A249 /* PokemonTCGApp.swift in Sources */,
				F772796E2779BDED00E7A249 /* CardsBrowser.swift in Sources */,
				F77279652779BDED00E7A249 /* CachedImageFetcher.swift in Sources */,
				F772797C2779BE3700E7A249 /* Preview.swift in Sources */,
				F77279682779BDED00E7A249 /* Card.swift in Sources */,
				F772796F2779BDED00E7A249 /* SearchResults.swift in Sources */,
				F77279662779BDED00E7A249 /* PokemonAPI.swift in Sources */,
				F77279642779BDED00E7A249 /* PokemonAPI.SearchParameters.swift in Sources */,
				F772796B2779BDED00E7A249 /* UserDecksStore.swift in Sources */,
				F77279712779BDED00E7A249 /* CardDetail.swift in Sources */,
				F77279492779BDD700E7A249 /* ContentView.swift in Sources */,
				F772796A2779BDED00E7A249 /* SearchEngine.swift in Sources */,
				F77279632779BDED00E7A249 /* PokemonAPI.Wrapper.swift in Sources */,
				F77279742779BDED00E7A249 /* UserDeckView.swift in Sources */,
				F772796C2779BDED00E7A249 /* CardStore.swift in Sources */,
				F77279692779BDED00E7A249 /* UserDeck.swift in Sources */,
				F77279732779BDED00E7A249 /* SearchParametersView.swift in Sources */,
				F772796D2779BDED00E7A249 /* Constants.swift in Sources */,
				F77279722779BDED00E7A249 /* CardView.swift in Sources */,
				F77279702779BDED00E7A249 /* CardScrollGrid.swift in Sources */,
			);
			runOnlyForDeploymentPostprocessing = 0;
		};
/* End PBXSourcesBuildPhase section */

/* Begin XCBuildConfiguration section */
		F77279422779BD8100E7A249 /* Debug */ = {
			isa = XCBuildConfiguration;
			buildSettings = {
				ALWAYS_SEARCH_USER_PATHS = NO;
				CLANG_ANALYZER_NONNULL = YES;
				CLANG_ANALYZER_NUMBER_OBJECT_CONVERSION = YES_AGGRESSIVE;
				CLANG_CXX_LANGUAGE_STANDARD = "gnu++17";
				CLANG_CXX_LIBRARY = "libc++";
				CLANG_ENABLE_MODULES = YES;
				CLANG_ENABLE_OBJC_ARC = YES;
				CLANG_ENABLE_OBJC_WEAK = YES;
				CLANG_WARN_BLOCK_CAPTURE_AUTORELEASING = YES;
				CLANG_WARN_BOOL_CONVERSION = YES;
				CLANG_WARN_COMMA = YES;
				CLANG_WARN_CONSTANT_CONVERSION = YES;
				CLANG_WARN_DEPRECATED_OBJC_IMPLEMENTATIONS = YES;
				CLANG_WARN_DIRECT_OBJC_ISA_USAGE = YES_ERROR;
				CLANG_WARN_DOCUMENTATION_COMMENTS = YES;
				CLANG_WARN_EMPTY_BODY = YES;
				CLANG_WARN_ENUM_CONVERSION = YES;
				CLANG_WARN_INFINITE_RECURSION = YES;
				CLANG_WARN_INT_CONVERSION = YES;
				CLANG_WARN_NON_LITERAL_NULL_CONVERSION = YES;
				CLANG_WARN_OBJC_IMPLICIT_RETAIN_SELF = YES;
				CLANG_WARN_OBJC_LITERAL_CONVERSION = YES;
				CLANG_WARN_OBJC_ROOT_CLASS = YES_ERROR;
				CLANG_WARN_QUOTED_INCLUDE_IN_FRAMEWORK_HEADER = YES;
				CLANG_WARN_RANGE_LOOP_ANALYSIS = YES;
				CLANG_WARN_STRICT_PROTOTYPES = YES;
				CLANG_WARN_SUSPICIOUS_MOVE = YES;
				CLANG_WARN_UNGUARDED_AVAILABILITY = YES_AGGRESSIVE;
				CLANG_WARN_UNREACHABLE_CODE = YES;
				CLANG_WARN__DUPLICATE_METHOD_MATCH = YES;
				COPY_PHASE_STRIP = NO;
				DEBUG_INFORMATION_FORMAT = dwarf;
				ENABLE_STRICT_OBJC_MSGSEND = YES;
				ENABLE_TESTABILITY = YES;
				GCC_C_LANGUAGE_STANDARD = gnu11;
				GCC_DYNAMIC_NO_PIC = NO;
				GCC_NO_COMMON_BLOCKS = YES;
				GCC_OPTIMIZATION_LEVEL = 0;
				GCC_PREPROCESSOR_DEFINITIONS = (
					"DEBUG=1",
					"$(inherited)",
				);
				GCC_WARN_64_TO_32_BIT_CONVERSION = YES;
				GCC_WARN_ABOUT_RETURN_TYPE = YES_ERROR;
				GCC_WARN_UNDECLARED_SELECTOR = YES;
				GCC_WARN_UNINITIALIZED_AUTOS = YES_AGGRESSIVE;
				GCC_WARN_UNUSED_FUNCTION = YES;
				GCC_WARN_UNUSED_VARIABLE = YES;
				IPHONEOS_DEPLOYMENT_TARGET = 15.2;
				MTL_ENABLE_DEBUG_INFO = INCLUDE_SOURCE;
				MTL_FAST_MATH = YES;
				ONLY_ACTIVE_ARCH = YES;
				SDKROOT = iphoneos;
				SWIFT_ACTIVE_COMPILATION_CONDITIONS = DEBUG;
				SWIFT_OPTIMIZATION_LEVEL = "-Onone";
			};
			name = Debug;
		};
		F77279432779BD8100E7A249 /* Release */ = {
			isa = XCBuildConfiguration;
			buildSettings = {
				ALWAYS_SEARCH_USER_PATHS = NO;
				CLANG_ANALYZER_NONNULL = YES;
				CLANG_ANALYZER_NUMBER_OBJECT_CONVERSION = YES_AGGRESSIVE;
				CLANG_CXX_LANGUAGE_STANDARD = "gnu++17";
				CLANG_CXX_LIBRARY = "libc++";
				CLANG_ENABLE_MODULES = YES;
				CLANG_ENABLE_OBJC_ARC = YES;
				CLANG_ENABLE_OBJC_WEAK = YES;
				CLANG_WARN_BLOCK_CAPTURE_AUTORELEASING = YES;
				CLANG_WARN_BOOL_CONVERSION = YES;
				CLANG_WARN_COMMA = YES;
				CLANG_WARN_CONSTANT_CONVERSION = YES;
				CLANG_WARN_DEPRECATED_OBJC_IMPLEMENTATIONS = YES;
				CLANG_WARN_DIRECT_OBJC_ISA_USAGE = YES_ERROR;
				CLANG_WARN_DOCUMENTATION_COMMENTS = YES;
				CLANG_WARN_EMPTY_BODY = YES;
				CLANG_WARN_ENUM_CONVERSION = YES;
				CLANG_WARN_INFINITE_RECURSION = YES;
				CLANG_WARN_INT_CONVERSION = YES;
				CLANG_WARN_NON_LITERAL_NULL_CONVERSION = YES;
				CLANG_WARN_OBJC_IMPLICIT_RETAIN_SELF = YES;
				CLANG_WARN_OBJC_LITERAL_CONVERSION = YES;
				CLANG_WARN_OBJC_ROOT_CLASS = YES_ERROR;
				CLANG_WARN_QUOTED_INCLUDE_IN_FRAMEWORK_HEADER = YES;
				CLANG_WARN_RANGE_LOOP_ANALYSIS = YES;
				CLANG_WARN_STRICT_PROTOTYPES = YES;
				CLANG_WARN_SUSPICIOUS_MOVE = YES;
				CLANG_WARN_UNGUARDED_AVAILABILITY = YES_AGGRESSIVE;
				CLANG_WARN_UNREACHABLE_CODE = YES;
				CLANG_WARN__DUPLICATE_METHOD_MATCH = YES;
				COPY_PHASE_STRIP = NO;
				DEBUG_INFORMATION_FORMAT = "dwarf-with-dsym";
				ENABLE_NS_ASSERTIONS = NO;
				ENABLE_STRICT_OBJC_MSGSEND = YES;
				GCC_C_LANGUAGE_STANDARD = gnu11;
				GCC_NO_COMMON_BLOCKS = YES;
				GCC_WARN_64_TO_32_BIT_CONVERSION = YES;
				GCC_WARN_ABOUT_RETURN_TYPE = YES_ERROR;
				GCC_WARN_UNDECLARED_SELECTOR = YES;
				GCC_WARN_UNINITIALIZED_AUTOS = YES_AGGRESSIVE;
				GCC_WARN_UNUSED_FUNCTION = YES;
				GCC_WARN_UNUSED_VARIABLE = YES;
				IPHONEOS_DEPLOYMENT_TARGET = 15.2;
				MTL_ENABLE_DEBUG_INFO = NO;
				MTL_FAST_MATH = YES;
				SDKROOT = iphoneos;
				SWIFT_COMPILATION_MODE = wholemodule;
				SWIFT_OPTIMIZATION_LEVEL = "-O";
				VALIDATE_PRODUCT = YES;
			};
			name = Release;
		};
		F77279452779BD8100E7A249 /* Debug */ = {
			isa = XCBuildConfiguration;
			buildSettings = {
				ASSETCATALOG_COMPILER_APPICON_NAME = AppIcon;
				ASSETCATALOG_COMPILER_GLOBAL_ACCENT_COLOR_NAME = AccentColor;
				CLANG_ENABLE_MODULES = YES;
				CODE_SIGN_STYLE = Automatic;
				CURRENT_PROJECT_VERSION = 1;
				DEVELOPMENT_ASSET_PATHS = "\"PokemonTCG/Preview Content\"";
				DEVELOPMENT_TEAM = J4AL2MH8ZC;
				ENABLE_PREVIEWS = YES;
				GENERATE_INFOPLIST_FILE = YES;
				INFOPLIST_KEY_UIApplicationSceneManifest_Generation = YES;
				INFOPLIST_KEY_UIApplicationSupportsIndirectInputEvents = YES;
				INFOPLIST_KEY_UILaunchScreen_Generation = YES;
				INFOPLIST_KEY_UISupportedInterfaceOrientations_iPad = "UIInterfaceOrientationPortrait UIInterfaceOrientationPortraitUpsideDown UIInterfaceOrientationLandscapeLeft UIInterfaceOrientationLandscapeRight";
				INFOPLIST_KEY_UISupportedInterfaceOrientations_iPhone = "UIInterfaceOrientationPortrait UIInterfaceOrientationLandscapeLeft UIInterfaceOrientationLandscapeRight";
				LD_RUNPATH_SEARCH_PATHS = (
					"$(inherited)",
					"@executable_path/Frameworks",
				);
				MARKETING_VERSION = 1.0;
				PRODUCT_BUNDLE_IDENTIFIER = "Grigory-Krivyakin.PokemonTCG";
				PRODUCT_NAME = "$(TARGET_NAME)";
				SWIFT_EMIT_LOC_STRINGS = YES;
				SWIFT_OPTIMIZATION_LEVEL = "-Onone";
				SWIFT_VERSION = 5.0;
				TARGETED_DEVICE_FAMILY = "1,2";
			};
			name = Debug;
		};
		F77279462779BD8100E7A249 /* Release */ = {
			isa = XCBuildConfiguration;
			buildSettings = {
				ASSETCATALOG_COMPILER_APPICON_NAME = AppIcon;
				ASSETCATALOG_COMPILER_GLOBAL_ACCENT_COLOR_NAME = AccentColor;
				CLANG_ENABLE_MODULES = YES;
				CODE_SIGN_STYLE = Automatic;
				CURRENT_PROJECT_VERSION = 1;
				DEVELOPMENT_ASSET_PATHS = "\"PokemonTCG/Preview Content\"";
				DEVELOPMENT_TEAM = J4AL2MH8ZC;
				ENABLE_PREVIEWS = YES;
				GENERATE_INFOPLIST_FILE = YES;
				INFOPLIST_KEY_UIApplicationSceneManifest_Generation = YES;
				INFOPLIST_KEY_UIApplicationSupportsIndirectInputEvents = YES;
				INFOPLIST_KEY_UILaunchScreen_Generation = YES;
				INFOPLIST_KEY_UISupportedInterfaceOrientations_iPad = "UIInterfaceOrientationPortrait UIInterfaceOrientationPortraitUpsideDown UIInterfaceOrientationLandscapeLeft UIInterfaceOrientationLandscapeRight";
				INFOPLIST_KEY_UISupportedInterfaceOrientations_iPhone = "UIInterfaceOrientationPortrait UIInterfaceOrientationLandscapeLeft UIInterfaceOrientationLandscapeRight";
				LD_RUNPATH_SEARCH_PATHS = (
					"$(inherited)",
					"@executable_path/Frameworks",
				);
				MARKETING_VERSION = 1.0;
				PRODUCT_BUNDLE_IDENTIFIER = "Grigory-Krivyakin.PokemonTCG";
				PRODUCT_NAME = "$(TARGET_NAME)";
				SWIFT_EMIT_LOC_STRINGS = YES;
				SWIFT_VERSION = 5.0;
				TARGETED_DEVICE_FAMILY = "1,2";
			};
			name = Release;
		};
/* End XCBuildConfiguration section */

/* Begin XCConfigurationList section */
		F77279312779BD8000E7A249 /* Build configuration list for PBXProject "PokemonTCG" */ = {
			isa = XCConfigurationList;
			buildConfigurations = (
				F77279422779BD8100E7A249 /* Debug */,
				F77279432779BD8100E7A249 /* Release */,
			);
			defaultConfigurationIsVisible = 0;
			defaultConfigurationName = Release;
		};
		F77279442779BD8100E7A249 /* Build configuration list for PBXNativeTarget "PokemonTCG" */ = {
			isa = XCConfigurationList;
			buildConfigurations = (
				F77279452779BD8100E7A249 /* Debug */,
				F77279462779BD8100E7A249 /* Release */,
			);
			defaultConfigurationIsVisible = 0;
			defaultConfigurationName = Release;
		};
/* End XCConfigurationList section */

/* Begin XCRemoteSwiftPackageReference section */
		F77279762779BE1600E7A249 /* XCRemoteSwiftPackageReference "Alamofire" */ = {
			isa = XCRemoteSwiftPackageReference;
			repositoryURL = "https://github.com/Alamofire/Alamofire.git";
			requirement = {
				branch = master;
				kind = branch;
			};
		};
/* End XCRemoteSwiftPackageReference section */

/* Begin XCSwiftPackageProductDependency section */
		F77279772779BE1600E7A249 /* Alamofire */ = {
			isa = XCSwiftPackageProductDependency;
			package = F77279762779BE1600E7A249 /* XCRemoteSwiftPackageReference "Alamofire" */;
			productName = Alamofire;
		};
/* End XCSwiftPackageProductDependency section */
	};
	rootObject = F772792E2779BD8000E7A249 /* Project object */;
}
